
Microsoft Visual Studio Solution File, Format Version 12.00
Project("{2150E333-8FDC-42A3-9474-1A3956D46DE8}") = "src", "src", "{22DB0148-0BD7-4846-B63F-421B490392AB}"
EndProject
Project("{2150E333-8FDC-42A3-9474-1A3956D46DE8}") = "docs", "docs", "{0E062AC8-023E-4D62-A696-8363130215DF}"
ProjectSection(SolutionItems) = preProject
	docs\versioning.md = docs\versioning.md
	docs\usage.md = docs\usage.md
	docs\migrations.md = docs\migrations.md
	docs\quikstart.md = docs\quikstart.md
	docs\features.md = docs\features.md
	docs\index.md = docs\index.md
EndProjectSection
EndProject
Project("{2150E333-8FDC-42A3-9474-1A3956D46DE8}") = "tests", "tests", "{44C236B2-FD3A-4F44-AD71-0289973BA57B}"
EndProject
Project("{FAE04EC0-301F-11D3-BF4B-00C04F79EFBC}") = "Curiosity.Migrations", "src\Curiosity.Migrations\Curiosity.Migrations.csproj", "{E2F484A1-607F-4193-9592-341EFE7890BE}"
EndProject
Project("{FAE04EC0-301F-11D3-BF4B-00C04F79EFBC}") = "Curiosity.Migrations.PostgreSQL", "src\Curiosity.Migrations.PostgreSQL\Curiosity.Migrations.PostgreSQL.csproj", "{E43F2D68-2971-4AB3-9392-BCCCF39253F6}"
EndProject
Project("{2150E333-8FDC-42A3-9474-1A3956D46DE8}") = "UnitTests", "UnitTests", "{8DB6C739-ACB4-47CD-B72E-A5180C22B84F}"
EndProject
Project("{2150E333-8FDC-42A3-9474-1A3956D46DE8}") = "IntegrationTests", "IntegrationTests", "{98A180F1-B3B9-41F0-9974-2333B4F03390}"
ProjectSection(SolutionItems) = preProject
	tests\IntegrationTests\env-compose.yml = tests\IntegrationTests\env-compose.yml
EndProjectSection
EndProject
Project("{FAE04EC0-301F-11D3-BF4B-00C04F79EFBC}") = "Curiosity.Migrations.UnitTests", "tests\UnitTests\Curiosity.Migrations.UnitTests\Curiosity.Migrations.UnitTests.csproj", "{E21F04B2-76AB-4BA9-A85C-2347CAABC0AC}"
EndProject
Project("{FAE04EC0-301F-11D3-BF4B-00C04F79EFBC}") = "Curiosity.Migrations.PostgreSql.IntegrationTests", "tests\IntegrationTests\Curiosity.Migrations.PostgreSql.IntegrationTests\Curiosity.Migrations.PostgreSql.IntegrationTests.csproj", "{3BDC5BA6-1A8B-443D-B3F7-D0983921E3C6}"
EndProject
Project("{FAE04EC0-301F-11D3-BF4B-00C04F79EFBC}") = "Curiosity.Migrations.TransactionTests", "tests\IntegrationTests\Curiosity.Migrations.TransactionTests\Curiosity.Migrations.TransactionTests.csproj", "{A37CE3F0-5A47-49F9-A777-D3661607E4D5}"
EndProject
Global
	GlobalSection(SolutionConfigurationPlatforms) = preSolution
		Debug|Any CPU = Debug|Any CPU
		Release|Any CPU = Release|Any CPU
	EndGlobalSection
	GlobalSection(NestedProjects) = preSolution
		{E2F484A1-607F-4193-9592-341EFE7890BE} = {22DB0148-0BD7-4846-B63F-421B490392AB}
		{E43F2D68-2971-4AB3-9392-BCCCF39253F6} = {22DB0148-0BD7-4846-B63F-421B490392AB}
		{8DB6C739-ACB4-47CD-B72E-A5180C22B84F} = {44C236B2-FD3A-4F44-AD71-0289973BA57B}
		{98A180F1-B3B9-41F0-9974-2333B4F03390} = {44C236B2-FD3A-4F44-AD71-0289973BA57B}
		{E21F04B2-76AB-4BA9-A85C-2347CAABC0AC} = {8DB6C739-ACB4-47CD-B72E-A5180C22B84F}
		{3BDC5BA6-1A8B-443D-B3F7-D0983921E3C6} = {98A180F1-B3B9-41F0-9974-2333B4F03390}
		{A37CE3F0-5A47-49F9-A777-D3661607E4D5} = {98A180F1-B3B9-41F0-9974-2333B4F03390}
	EndGlobalSection
	GlobalSection(ProjectConfigurationPlatforms) = postSolution
		{E2F484A1-607F-4193-9592-341EFE7890BE}.Debug|Any CPU.ActiveCfg = Debug|Any CPU
		{E2F484A1-607F-4193-9592-341EFE7890BE}.Debug|Any CPU.Build.0 = Debug|Any CPU
		{E2F484A1-607F-4193-9592-341EFE7890BE}.Release|Any CPU.ActiveCfg = Release|Any CPU
		{E2F484A1-607F-4193-9592-341EFE7890BE}.Release|Any CPU.Build.0 = Release|Any CPU
		{E43F2D68-2971-4AB3-9392-BCCCF39253F6}.Debug|Any CPU.ActiveCfg = Debug|Any CPU
		{E43F2D68-2971-4AB3-9392-BCCCF39253F6}.Debug|Any CPU.Build.0 = Debug|Any CPU
		{E43F2D68-2971-4AB3-9392-BCCCF39253F6}.Release|Any CPU.ActiveCfg = Release|Any CPU
		{E43F2D68-2971-4AB3-9392-BCCCF39253F6}.Release|Any CPU.Build.0 = Release|Any CPU
		{E21F04B2-76AB-4BA9-A85C-2347CAABC0AC}.Debug|Any CPU.ActiveCfg = Debug|Any CPU
		{E21F04B2-76AB-4BA9-A85C-2347CAABC0AC}.Debug|Any CPU.Build.0 = Debug|Any CPU
		{E21F04B2-76AB-4BA9-A85C-2347CAABC0AC}.Release|Any CPU.ActiveCfg = Release|Any CPU
		{E21F04B2-76AB-4BA9-A85C-2347CAABC0AC}.Release|Any CPU.Build.0 = Release|Any CPU
		{3BDC5BA6-1A8B-443D-B3F7-D0983921E3C6}.Debug|Any CPU.ActiveCfg = Debug|Any CPU
		{3BDC5BA6-1A8B-443D-B3F7-D0983921E3C6}.Debug|Any CPU.Build.0 = Debug|Any CPU
		{3BDC5BA6-1A8B-443D-B3F7-D0983921E3C6}.Release|Any CPU.ActiveCfg = Release|Any CPU
		{3BDC5BA6-1A8B-443D-B3F7-D0983921E3C6}.Release|Any CPU.Build.0 = Release|Any CPU
		{A37CE3F0-5A47-49F9-A777-D3661607E4D5}.Debug|Any CPU.ActiveCfg = Debug|Any CPU
		{A37CE3F0-5A47-49F9-A777-D3661607E4D5}.Debug|Any CPU.Build.0 = Debug|Any CPU
		{A37CE3F0-5A47-49F9-A777-D3661607E4D5}.Release|Any CPU.ActiveCfg = Release|Any CPU
		{A37CE3F0-5A47-49F9-A777-D3661607E4D5}.Release|Any CPU.Build.0 = Release|Any CPU
	EndGlobalSection
EndGlobal
